
Microsoft Visual Studio Solution File, Format Version 12.00
# Visual Studio Version 17
VisualStudioVersion = 17.6.33815.320
MinimumVisualStudioVersion = 10.0.40219.1
Project("{2150E333-8FDC-42A3-9474-1A3956D46DE8}") = "Source", "Source", "{0543D62A-1383-49F4-A746-2986B9FF9CF3}"
EndProject
Project("{2150E333-8FDC-42A3-9474-1A3956D46DE8}") = "Backend", "Backend", "{9C6745B5-54E7-4B8C-AAFB-9D435C27E85C}"
EndProject
Project("{2150E333-8FDC-42A3-9474-1A3956D46DE8}") = "Platforms", "Platforms", "{84D45825-04BF-4900-98F8-28706F5913CC}"
EndProject
Project("{2150E333-8FDC-42A3-9474-1A3956D46DE8}") = "Tests", "Tests", "{071A3253-E02B-4B56-8334-37251920ADFF}"
EndProject
Project("{9A19103F-16F7-4668-BE54-9A1E7A4F7556}") = "UnoApp4.DataContracts", "UnoApp4.DataContracts\UnoApp4.DataContracts.csproj", "{2F02A8E0-E6EA-4A6C-A22D-A9CADE1091D2}"
EndProject
Project("{9A19103F-16F7-4668-BE54-9A1E7A4F7556}") = "UnoApp4", "UnoApp4\UnoApp4.csproj", "{CDC7243A-770B-46AE-9FD4-61B6C09F6FD9}"
EndProject
Project("{9A19103F-16F7-4668-BE54-9A1E7A4F7556}") = "UnoApp4.Tests", "UnoApp4.Tests\UnoApp4.Tests.csproj", "{5D34FE17-1523-40F3-990E-2BCF3A8AC41A}"
EndProject
Project("{9A19103F-16F7-4668-BE54-9A1E7A4F7556}") = "UnoApp4.UITests", "UnoApp4.UITests\UnoApp4.UITests.csproj", "{756F6727-F5C9-43E8-A02F-031C399748A3}"
EndProject
Project("{9A19103F-16F7-4668-BE54-9A1E7A4F7556}") = "UnoApp4.Mobile", "UnoApp4.Mobile\UnoApp4.Mobile.csproj", "{48485264-C5DF-4B02-90EC-C42225630A03}"
EndProject
Project("{9A19103F-16F7-4668-BE54-9A1E7A4F7556}") = "UnoApp4.Windows", "UnoApp4.Windows\UnoApp4.Windows.csproj", "{2109461F-7B8E-4242-8BD8-F3DB5F055593}"
EndProject
Project("{9A19103F-16F7-4668-BE54-9A1E7A4F7556}") = "UnoApp4.Wasm", "UnoApp4.Wasm\UnoApp4.Wasm.csproj", "{20FE918A-6368-4F02-AB66-EFCA8305ADAC}"
EndProject
Project("{9A19103F-16F7-4668-BE54-9A1E7A4F7556}") = "UnoApp4.Skia.Gtk", "UnoApp4.Skia.Gtk\UnoApp4.Skia.Gtk.csproj", "{1E7DC967-911C-49E4-927D-574E16AEBF88}"
EndProject
Project("{9A19103F-16F7-4668-BE54-9A1E7A4F7556}") = "UnoApp4.Server", "UnoApp4.Server\UnoApp4.Server.csproj", "{EC8D4ECC-EBAD-4B56-AB29-79DD8C8319C6}"
EndProject
Global
	GlobalSection(SolutionConfigurationPlatforms) = preSolution
		Debug|Any CPU = Debug|Any CPU
		Debug|arm64 = Debug|arm64
		Debug|x64 = Debug|x64
		Debug|x86 = Debug|x86
		Release|Any CPU = Release|Any CPU
		Release|arm64 = Release|arm64
		Release|x64 = Release|x64
		Release|x86 = Release|x86
	EndGlobalSection
	GlobalSection(ProjectConfigurationPlatforms) = postSolution
		{2F02A8E0-E6EA-4A6C-A22D-A9CADE1091D2}.Debug|Any CPU.ActiveCfg = Debug|Any CPU
		{2F02A8E0-E6EA-4A6C-A22D-A9CADE1091D2}.Debug|Any CPU.Build.0 = Debug|Any CPU
		{2F02A8E0-E6EA-4A6C-A22D-A9CADE1091D2}.Debug|arm64.ActiveCfg = Debug|Any CPU
		{2F02A8E0-E6EA-4A6C-A22D-A9CADE1091D2}.Debug|arm64.Build.0 = Debug|Any CPU
		{2F02A8E0-E6EA-4A6C-A22D-A9CADE1091D2}.Debug|x64.ActiveCfg = Debug|Any CPU
		{2F02A8E0-E6EA-4A6C-A22D-A9CADE1091D2}.Debug|x64.Build.0 = Debug|Any CPU
		{2F02A8E0-E6EA-4A6C-A22D-A9CADE1091D2}.Debug|x86.ActiveCfg = Debug|Any CPU
		{2F02A8E0-E6EA-4A6C-A22D-A9CADE1091D2}.Debug|x86.Build.0 = Debug|Any CPU
		{2F02A8E0-E6EA-4A6C-A22D-A9CADE1091D2}.Release|Any CPU.ActiveCfg = Release|Any CPU
		{2F02A8E0-E6EA-4A6C-A22D-A9CADE1091D2}.Release|Any CPU.Build.0 = Release|Any CPU
		{2F02A8E0-E6EA-4A6C-A22D-A9CADE1091D2}.Release|arm64.ActiveCfg = Release|Any CPU
		{2F02A8E0-E6EA-4A6C-A22D-A9CADE1091D2}.Release|arm64.Build.0 = Release|Any CPU
		{2F02A8E0-E6EA-4A6C-A22D-A9CADE1091D2}.Release|x64.ActiveCfg = Release|Any CPU
		{2F02A8E0-E6EA-4A6C-A22D-A9CADE1091D2}.Release|x64.Build.0 = Release|Any CPU
		{2F02A8E0-E6EA-4A6C-A22D-A9CADE1091D2}.Release|x86.ActiveCfg = Release|Any CPU
		{2F02A8E0-E6EA-4A6C-A22D-A9CADE1091D2}.Release|x86.Build.0 = Release|Any CPU
		{CDC7243A-770B-46AE-9FD4-61B6C09F6FD9}.Debug|Any CPU.ActiveCfg = Debug|Any CPU
		{CDC7243A-770B-46AE-9FD4-61B6C09F6FD9}.Debug|Any CPU.Build.0 = Debug|Any CPU
		{CDC7243A-770B-46AE-9FD4-61B6C09F6FD9}.Debug|arm64.ActiveCfg = Debug|Any CPU
		{CDC7243A-770B-46AE-9FD4-61B6C09F6FD9}.Debug|arm64.Build.0 = Debug|Any CPU
		{CDC7243A-770B-46AE-9FD4-61B6C09F6FD9}.Debug|x64.ActiveCfg = Debug|Any CPU
		{CDC7243A-770B-46AE-9FD4-61B6C09F6FD9}.Debug|x64.Build.0 = Debug|Any CPU
		{CDC7243A-770B-46AE-9FD4-61B6C09F6FD9}.Debug|x86.ActiveCfg = Debug|Any CPU
		{CDC7243A-770B-46AE-9FD4-61B6C09F6FD9}.Debug|x86.Build.0 = Debug|Any CPU
		{CDC7243A-770B-46AE-9FD4-61B6C09F6FD9}.Release|Any CPU.ActiveCfg = Release|Any CPU
		{CDC7243A-770B-46AE-9FD4-61B6C09F6FD9}.Release|Any CPU.Build.0 = Release|Any CPU
		{CDC7243A-770B-46AE-9FD4-61B6C09F6FD9}.Release|arm64.ActiveCfg = Release|Any CPU
		{CDC7243A-770B-46AE-9FD4-61B6C09F6FD9}.Release|arm64.Build.0 = Release|Any CPU
		{CDC7243A-770B-46AE-9FD4-61B6C09F6FD9}.Release|x64.ActiveCfg = Release|Any CPU
		{CDC7243A-770B-46AE-9FD4-61B6C09F6FD9}.Release|x64.Build.0 = Release|Any CPU
		{CDC7243A-770B-46AE-9FD4-61B6C09F6FD9}.Release|x86.ActiveCfg = Release|Any CPU
		{CDC7243A-770B-46AE-9FD4-61B6C09F6FD9}.Release|x86.Build.0 = Release|Any CPU
		{5D34FE17-1523-40F3-990E-2BCF3A8AC41A}.Debug|Any CPU.ActiveCfg = Debug|Any CPU
		{5D34FE17-1523-40F3-990E-2BCF3A8AC41A}.Debug|Any CPU.Build.0 = Debug|Any CPU
		{5D34FE17-1523-40F3-990E-2BCF3A8AC41A}.Debug|arm64.ActiveCfg = Debug|Any CPU
		{5D34FE17-1523-40F3-990E-2BCF3A8AC41A}.Debug|arm64.Build.0 = Debug|Any CPU
		{5D34FE17-1523-40F3-990E-2BCF3A8AC41A}.Debug|x64.ActiveCfg = Debug|Any CPU
		{5D34FE17-1523-40F3-990E-2BCF3A8AC41A}.Debug|x64.Build.0 = Debug|Any CPU
		{5D34FE17-1523-40F3-990E-2BCF3A8AC41A}.Debug|x86.ActiveCfg = Debug|Any CPU
		{5D34FE17-1523-40F3-990E-2BCF3A8AC41A}.Debug|x86.Build.0 = Debug|Any CPU
		{5D34FE17-1523-40F3-990E-2BCF3A8AC41A}.Release|Any CPU.ActiveCfg = Release|Any CPU
		{5D34FE17-1523-40F3-990E-2BCF3A8AC41A}.Release|Any CPU.Build.0 = Release|Any CPU
		{5D34FE17-1523-40F3-990E-2BCF3A8AC41A}.Release|arm64.ActiveCfg = Release|Any CPU
		{5D34FE17-1523-40F3-990E-2BCF3A8AC41A}.Release|arm64.Build.0 = Release|Any CPU
		{5D34FE17-1523-40F3-990E-2BCF3A8AC41A}.Release|x64.ActiveCfg = Release|Any CPU
		{5D34FE17-1523-40F3-990E-2BCF3A8AC41A}.Release|x64.Build.0 = Release|Any CPU
		{5D34FE17-1523-40F3-990E-2BCF3A8AC41A}.Release|x86.ActiveCfg = Release|Any CPU
		{5D34FE17-1523-40F3-990E-2BCF3A8AC41A}.Release|x86.Build.0 = Release|Any CPU
		{756F6727-F5C9-43E8-A02F-031C399748A3}.Debug|Any CPU.ActiveCfg = Debug|Any CPU
		{756F6727-F5C9-43E8-A02F-031C399748A3}.Debug|Any CPU.Build.0 = Debug|Any CPU
		{756F6727-F5C9-43E8-A02F-031C399748A3}.Debug|arm64.ActiveCfg = Debug|Any CPU
		{756F6727-F5C9-43E8-A02F-031C399748A3}.Debug|arm64.Build.0 = Debug|Any CPU
		{756F6727-F5C9-43E8-A02F-031C399748A3}.Debug|x64.ActiveCfg = Debug|Any CPU
		{756F6727-F5C9-43E8-A02F-031C399748A3}.Debug|x64.Build.0 = Debug|Any CPU
		{756F6727-F5C9-43E8-A02F-031C399748A3}.Debug|x86.ActiveCfg = Debug|Any CPU
		{756F6727-F5C9-43E8-A02F-031C399748A3}.Debug|x86.Build.0 = Debug|Any CPU
		{756F6727-F5C9-43E8-A02F-031C399748A3}.Release|Any CPU.ActiveCfg = Release|Any CPU
		{756F6727-F5C9-43E8-A02F-031C399748A3}.Release|Any CPU.Build.0 = Release|Any CPU
		{756F6727-F5C9-43E8-A02F-031C399748A3}.Release|arm64.ActiveCfg = Release|Any CPU
		{756F6727-F5C9-43E8-A02F-031C399748A3}.Release|arm64.Build.0 = Release|Any CPU
		{756F6727-F5C9-43E8-A02F-031C399748A3}.Release|x64.ActiveCfg = Release|Any CPU
		{756F6727-F5C9-43E8-A02F-031C399748A3}.Release|x64.Build.0 = Release|Any CPU
		{756F6727-F5C9-43E8-A02F-031C399748A3}.Release|x86.ActiveCfg = Release|Any CPU
		{756F6727-F5C9-43E8-A02F-031C399748A3}.Release|x86.Build.0 = Release|Any CPU
		{48485264-C5DF-4B02-90EC-C42225630A03}.Debug|Any CPU.ActiveCfg = Debug|Any CPU
		{48485264-C5DF-4B02-90EC-C42225630A03}.Debug|Any CPU.Build.0 = Debug|Any CPU
		{48485264-C5DF-4B02-90EC-C42225630A03}.Debug|Any CPU.Deploy.0 = Debug|Any CPU
		{48485264-C5DF-4B02-90EC-C42225630A03}.Debug|arm64.ActiveCfg = Debug|Any CPU
		{48485264-C5DF-4B02-90EC-C42225630A03}.Debug|arm64.Build.0 = Debug|Any CPU
		{48485264-C5DF-4B02-90EC-C42225630A03}.Debug|arm64.Deploy.0 = Debug|Any CPU
		{48485264-C5DF-4B02-90EC-C42225630A03}.Debug|x64.ActiveCfg = Debug|Any CPU
		{48485264-C5DF-4B02-90EC-C42225630A03}.Debug|x64.Build.0 = Debug|Any CPU
		{48485264-C5DF-4B02-90EC-C42225630A03}.Debug|x64.Deploy.0 = Debug|Any CPU
		{48485264-C5DF-4B02-90EC-C42225630A03}.Debug|x86.ActiveCfg = Debug|Any CPU
		{48485264-C5DF-4B02-90EC-C42225630A03}.Debug|x86.Build.0 = Debug|Any CPU
		{48485264-C5DF-4B02-90EC-C42225630A03}.Debug|x86.Deploy.0 = Debug|Any CPU
		{48485264-C5DF-4B02-90EC-C42225630A03}.Release|Any CPU.ActiveCfg = Release|Any CPU
		{48485264-C5DF-4B02-90EC-C42225630A03}.Release|Any CPU.Build.0 = Release|Any CPU
		{48485264-C5DF-4B02-90EC-C42225630A03}.Release|Any CPU.Deploy.0 = Release|Any CPU
		{48485264-C5DF-4B02-90EC-C42225630A03}.Release|arm64.ActiveCfg = Release|Any CPU
		{48485264-C5DF-4B02-90EC-C42225630A03}.Release|arm64.Build.0 = Release|Any CPU
		{48485264-C5DF-4B02-90EC-C42225630A03}.Release|arm64.Deploy.0 = Release|Any CPU
		{48485264-C5DF-4B02-90EC-C42225630A03}.Release|x64.ActiveCfg = Release|Any CPU
		{48485264-C5DF-4B02-90EC-C42225630A03}.Release|x64.Build.0 = Release|Any CPU
		{48485264-C5DF-4B02-90EC-C42225630A03}.Release|x64.Deploy.0 = Release|Any CPU
		{48485264-C5DF-4B02-90EC-C42225630A03}.Release|x86.ActiveCfg = Release|Any CPU
		{48485264-C5DF-4B02-90EC-C42225630A03}.Release|x86.Build.0 = Release|Any CPU
		{48485264-C5DF-4B02-90EC-C42225630A03}.Release|x86.Deploy.0 = Release|Any CPU
		{2109461F-7B8E-4242-8BD8-F3DB5F055593}.Debug|Any CPU.ActiveCfg = Debug|x64
		{2109461F-7B8E-4242-8BD8-F3DB5F055593}.Debug|Any CPU.Build.0 = Debug|x64
		{2109461F-7B8E-4242-8BD8-F3DB5F055593}.Debug|Any CPU.Deploy.0 = Debug|x64
		{2109461F-7B8E-4242-8BD8-F3DB5F055593}.Debug|arm64.ActiveCfg = Debug|arm64
		{2109461F-7B8E-4242-8BD8-F3DB5F055593}.Debug|arm64.Build.0 = Debug|arm64
		{2109461F-7B8E-4242-8BD8-F3DB5F055593}.Debug|arm64.Deploy.0 = Debug|arm64
		{2109461F-7B8E-4242-8BD8-F3DB5F055593}.Debug|x64.ActiveCfg = Debug|x64
		{2109461F-7B8E-4242-8BD8-F3DB5F055593}.Debug|x64.Build.0 = Debug|x64
		{2109461F-7B8E-4242-8BD8-F3DB5F055593}.Debug|x64.Deploy.0 = Debug|x64
		{2109461F-7B8E-4242-8BD8-F3DB5F055593}.Debug|x86.ActiveCfg = Debug|x86
		{2109461F-7B8E-4242-8BD8-F3DB5F055593}.Debug|x86.Build.0 = Debug|x86
		{2109461F-7B8E-4242-8BD8-F3DB5F055593}.Debug|x86.Deploy.0 = Debug|x86
		{2109461F-7B8E-4242-8BD8-F3DB5F055593}.Release|Any CPU.ActiveCfg = Release|x64
		{2109461F-7B8E-4242-8BD8-F3DB5F055593}.Release|Any CPU.Build.0 = Release|x64
		{2109461F-7B8E-4242-8BD8-F3DB5F055593}.Release|Any CPU.Deploy.0 = Release|x64
		{2109461F-7B8E-4242-8BD8-F3DB5F055593}.Release|arm64.ActiveCfg = Release|arm64
		{2109461F-7B8E-4242-8BD8-F3DB5F055593}.Release|arm64.Build.0 = Release|arm64
		{2109461F-7B8E-4242-8BD8-F3DB5F055593}.Release|arm64.Deploy.0 = Release|arm64
		{2109461F-7B8E-4242-8BD8-F3DB5F055593}.Release|x64.ActiveCfg = Release|x64
		{2109461F-7B8E-4242-8BD8-F3DB5F055593}.Release|x64.Build.0 = Release|x64
		{2109461F-7B8E-4242-8BD8-F3DB5F055593}.Release|x64.Deploy.0 = Release|x64
		{2109461F-7B8E-4242-8BD8-F3DB5F055593}.Release|x86.ActiveCfg = Release|x86
		{2109461F-7B8E-4242-8BD8-F3DB5F055593}.Release|x86.Build.0 = Release|x86
		{2109461F-7B8E-4242-8BD8-F3DB5F055593}.Release|x86.Deploy.0 = Release|x86
		{20FE918A-6368-4F02-AB66-EFCA8305ADAC}.Debug|Any CPU.ActiveCfg = Debug|Any CPU
		{20FE918A-6368-4F02-AB66-EFCA8305ADAC}.Debug|Any CPU.Build.0 = Debug|Any CPU
		{20FE918A-6368-4F02-AB66-EFCA8305ADAC}.Debug|arm64.ActiveCfg = Debug|Any CPU
		{20FE918A-6368-4F02-AB66-EFCA8305ADAC}.Debug|arm64.Build.0 = Debug|Any CPU
		{20FE918A-6368-4F02-AB66-EFCA8305ADAC}.Debug|x64.ActiveCfg = Debug|Any CPU
		{20FE918A-6368-4F02-AB66-EFCA8305ADAC}.Debug|x64.Build.0 = Debug|Any CPU
		{20FE918A-6368-4F02-AB66-EFCA8305ADAC}.Debug|x86.ActiveCfg = Debug|Any CPU
		{20FE918A-6368-4F02-AB66-EFCA8305ADAC}.Debug|x86.Build.0 = Debug|Any CPU
		{20FE918A-6368-4F02-AB66-EFCA8305ADAC}.Release|Any CPU.ActiveCfg = Release|Any CPU
		{20FE918A-6368-4F02-AB66-EFCA8305ADAC}.Release|Any CPU.Build.0 = Release|Any CPU
		{20FE918A-6368-4F02-AB66-EFCA8305ADAC}.Release|arm64.ActiveCfg = Release|Any CPU
		{20FE918A-6368-4F02-AB66-EFCA8305ADAC}.Release|arm64.Build.0 = Release|Any CPU
		{20FE918A-6368-4F02-AB66-EFCA8305ADAC}.Release|x64.ActiveCfg = Release|Any CPU
		{20FE918A-6368-4F02-AB66-EFCA8305ADAC}.Release|x64.Build.0 = Release|Any CPU
		{20FE918A-6368-4F02-AB66-EFCA8305ADAC}.Release|x86.ActiveCfg = Release|Any CPU
		{20FE918A-6368-4F02-AB66-EFCA8305ADAC}.Release|x86.Build.0 = Release|Any CPU
		{1E7DC967-911C-49E4-927D-574E16AEBF88}.Debug|Any CPU.ActiveCfg = Debug|Any CPU
		{1E7DC967-911C-49E4-927D-574E16AEBF88}.Debug|Any CPU.Build.0 = Debug|Any CPU
		{1E7DC967-911C-49E4-927D-574E16AEBF88}.Debug|arm64.ActiveCfg = Debug|Any CPU
		{1E7DC967-911C-49E4-927D-574E16AEBF88}.Debug|arm64.Build.0 = Debug|Any CPU
		{1E7DC967-911C-49E4-927D-574E16AEBF88}.Debug|x64.ActiveCfg = Debug|Any CPU
		{1E7DC967-911C-49E4-927D-574E16AEBF88}.Debug|x64.Build.0 = Debug|Any CPU
		{1E7DC967-911C-49E4-927D-574E16AEBF88}.Debug|x86.ActiveCfg = Debug|Any CPU
		{1E7DC967-911C-49E4-927D-574E16AEBF88}.Debug|x86.Build.0 = Debug|Any CPU
		{1E7DC967-911C-49E4-927D-574E16AEBF88}.Release|Any CPU.ActiveCfg = Release|Any CPU
		{1E7DC967-911C-49E4-927D-574E16AEBF88}.Release|Any CPU.Build.0 = Release|Any CPU
		{1E7DC967-911C-49E4-927D-574E16AEBF88}.Release|arm64.ActiveCfg = Release|Any CPU
		{1E7DC967-911C-49E4-927D-574E16AEBF88}.Release|arm64.Build.0 = Release|Any CPU
		{1E7DC967-911C-49E4-927D-574E16AEBF88}.Release|x64.ActiveCfg = Release|Any CPU
		{1E7DC967-911C-49E4-927D-574E16AEBF88}.Release|x64.Build.0 = Release|Any CPU
		{1E7DC967-911C-49E4-927D-574E16AEBF88}.Release|x86.ActiveCfg = Release|Any CPU
		{1E7DC967-911C-49E4-927D-574E16AEBF88}.Release|x86.Build.0 = Release|Any CPU
		{EC8D4ECC-EBAD-4B56-AB29-79DD8C8319C6}.Debug|Any CPU.ActiveCfg = Debug|Any CPU
		{EC8D4ECC-EBAD-4B56-AB29-79DD8C8319C6}.Debug|Any CPU.Build.0 = Debug|Any CPU
		{EC8D4ECC-EBAD-4B56-AB29-79DD8C8319C6}.Debug|arm64.ActiveCfg = Debug|Any CPU
		{EC8D4ECC-EBAD-4B56-AB29-79DD8C8319C6}.Debug|arm64.Build.0 = Debug|Any CPU
		{EC8D4ECC-EBAD-4B56-AB29-79DD8C8319C6}.Debug|x64.ActiveCfg = Debug|Any CPU
		{EC8D4ECC-EBAD-4B56-AB29-79DD8C8319C6}.Debug|x64.Build.0 = Debug|Any CPU
		{EC8D4ECC-EBAD-4B56-AB29-79DD8C8319C6}.Debug|x86.ActiveCfg = Debug|Any CPU
		{EC8D4ECC-EBAD-4B56-AB29-79DD8C8319C6}.Debug|x86.Build.0 = Debug|Any CPU
		{EC8D4ECC-EBAD-4B56-AB29-79DD8C8319C6}.Release|Any CPU.ActiveCfg = Release|Any CPU
		{EC8D4ECC-EBAD-4B56-AB29-79DD8C8319C6}.Release|Any CPU.Build.0 = Release|Any CPU
		{EC8D4ECC-EBAD-4B56-AB29-79DD8C8319C6}.Release|arm64.ActiveCfg = Release|Any CPU
		{EC8D4ECC-EBAD-4B56-AB29-79DD8C8319C6}.Release|arm64.Build.0 = Release|Any CPU
		{EC8D4ECC-EBAD-4B56-AB29-79DD8C8319C6}.Release|x64.ActiveCfg = Release|Any CPU
		{EC8D4ECC-EBAD-4B56-AB29-79DD8C8319C6}.Release|x64.Build.0 = Release|Any CPU
		{EC8D4ECC-EBAD-4B56-AB29-79DD8C8319C6}.Release|x86.ActiveCfg = Release|Any CPU
		{EC8D4ECC-EBAD-4B56-AB29-79DD8C8319C6}.Release|x86.Build.0 = Release|Any CPU
	EndGlobalSection
	GlobalSection(SolutionProperties) = preSolution
		HideSolutionNode = FALSE
	EndGlobalSection
	GlobalSection(NestedProjects) = preSolution
		{9C6745B5-54E7-4B8C-AAFB-9D435C27E85C} = {0543D62A-1383-49F4-A746-2986B9FF9CF3}
		{84D45825-04BF-4900-98F8-28706F5913CC} = {0543D62A-1383-49F4-A746-2986B9FF9CF3}
		{2F02A8E0-E6EA-4A6C-A22D-A9CADE1091D2} = {0543D62A-1383-49F4-A746-2986B9FF9CF3}
		{CDC7243A-770B-46AE-9FD4-61B6C09F6FD9} = {0543D62A-1383-49F4-A746-2986B9FF9CF3}
		{5D34FE17-1523-40F3-990E-2BCF3A8AC41A} = {071A3253-E02B-4B56-8334-37251920ADFF}
		{756F6727-F5C9-43E8-A02F-031C399748A3} = {071A3253-E02B-4B56-8334-37251920ADFF}
		{48485264-C5DF-4B02-90EC-C42225630A03} = {84D45825-04BF-4900-98F8-28706F5913CC}
		{2109461F-7B8E-4242-8BD8-F3DB5F055593} = {84D45825-04BF-4900-98F8-28706F5913CC}
		{20FE918A-6368-4F02-AB66-EFCA8305ADAC} = {84D45825-04BF-4900-98F8-28706F5913CC}
		{1E7DC967-911C-49E4-927D-574E16AEBF88} = {84D45825-04BF-4900-98F8-28706F5913CC}
		{EC8D4ECC-EBAD-4B56-AB29-79DD8C8319C6} = {9C6745B5-54E7-4B8C-AAFB-9D435C27E85C}
	EndGlobalSection
	GlobalSection(ExtensibilityGlobals) = postSolution
		SolutionGuid = {A3D1BFF1-894F-4564-AE85-805EA3A0D531}
	EndGlobalSection
EndGlobal
